
Microsoft Visual Studio Solution File, Format Version 12.00
# Visual Studio Version 16
VisualStudioVersion = 16.0.30114.105
MinimumVisualStudioVersion = 10.0.40219.1
Project("{9A19103F-16F7-4668-BE54-9A1E7A4F7556}") = "TestHttp", "TestHttp\TestHttp.csproj", "{09422E49-D2E6-4CBE-9896-C8FB75CE3232}"
EndProject
Project("{9A19103F-16F7-4668-BE54-9A1E7A4F7556}") = "TestHttpTest", "TestHttpTests\TestHttpTest.csproj", "{504E214B-7A11-4E78-9316-32CF76DBD91C}"
EndProject
Global
	GlobalSection(SolutionConfigurationPlatforms) = preSolution
		Debug|Any CPU = Debug|Any CPU
		Release|Any CPU = Release|Any CPU
	EndGlobalSection
	GlobalSection(ProjectConfigurationPlatforms) = postSolution
		{09422E49-D2E6-4CBE-9896-C8FB75CE3232}.Debug|Any CPU.ActiveCfg = Debug|Any CPU
		{09422E49-D2E6-4CBE-9896-C8FB75CE3232}.Debug|Any CPU.Build.0 = Debug|Any CPU
		{09422E49-D2E6-4CBE-9896-C8FB75CE3232}.Release|Any CPU.ActiveCfg = Release|Any CPU
		{09422E49-D2E6-4CBE-9896-C8FB75CE3232}.Release|Any CPU.Build.0 = Release|Any CPU
		{504E214B-7A11-4E78-9316-32CF76DBD91C}.Debug|Any CPU.ActiveCfg = Debug|Any CPU
		{504E214B-7A11-4E78-9316-32CF76DBD91C}.Debug|Any CPU.Build.0 = Debug|Any CPU
		{504E214B-7A11-4E78-9316-32CF76DBD91C}.Release|Any CPU.ActiveCfg = Release|Any CPU
		{504E214B-7A11-4E78-9316-32CF76DBD91C}.Release|Any CPU.Build.0 = Release|Any CPU
	EndGlobalSection
	GlobalSection(SolutionProperties) = preSolution
		HideSolutionNode = FALSE
	EndGlobalSection
	GlobalSection(ExtensibilityGlobals) = postSolution
		SolutionGuid = {75DA62EF-99E9-4FB9-9533-07BC99A5C45E}
	EndGlobalSection
EndGlobal
